// !$*UTF8*$!
{
	archiveVersion = 1;
	classes = {
	};
	objectVersion = 77;
	objects = {

/* Begin PBXContainerItemProxy section */
		F798703D2E3B5FDD005FBB4F /* PBXContainerItemProxy */ = {
			isa = PBXContainerItemProxy;
			containerPortal = F798701E2E3B5FDB005FBB4F /* Project object */;
			proxyType = 1;
			remoteGlobalIDString = F79870252E3B5FDB005FBB4F;
			remoteInfo = ReInvent;
		};
		F79870472E3B5FDD005FBB4F /* PBXContainerItemProxy */ = {
			isa = PBXContainerItemProxy;
			containerPortal = F798701E2E3B5FDB005FBB4F /* Project object */;
			proxyType = 1;
			remoteGlobalIDString = F79870252E3B5FDB005FBB4F;
			remoteInfo = ReInvent;
		};
/* End PBXContainerItemProxy section */

/* Begin PBXFileReference section */
		F79870262E3B5FDB005FBB4F /* ReInvent.app */ = {isa = PBXFileReference; explicitFileType = wrapper.application; includeInIndex = 0; path = ReInvent.app; sourceTree = BUILT_PRODUCTS_DIR; };
		F798703C2E3B5FDD005FBB4F /* ReInventTests.xctest */ = {isa = PBXFileReference; explicitFileType = wrapper.cfbundle; includeInIndex = 0; path = ReInventTests.xctest; sourceTree = BUILT_PRODUCTS_DIR; };
		F79870462E3B5FDD005FBB4F /* ReInventUITests.xctest */ = {isa = PBXFileReference; explicitFileType = wrapper.cfbundle; includeInIndex = 0; path = ReInventUITests.xctest; sourceTree = BUILT_PRODUCTS_DIR; };
/* End PBXFileReference section */

/* Begin PBXFileSystemSynchronizedBuildFileExceptionSet section */
		F798704E2E3B5FDD005FBB4F /* Exceptions for "ReInvent" folder in "ReInvent" target */ = {
			isa = PBXFileSystemSynchronizedBuildFileExceptionSet;
			membershipExceptions = (
				Info.plist,
			);
			target = F79870252E3B5FDB005FBB4F /* ReInvent */;
		};
/* End PBXFileSystemSynchronizedBuildFileExceptionSet section */

/* Begin PBXFileSystemSynchronizedRootGroup section */
		F79870282E3B5FDB005FBB4F /* ReInvent */ = {
			isa = PBXFileSystemSynchronizedRootGroup;
			exceptions = (
				F798704E2E3B5FDD005FBB4F /* Exceptions for "ReInvent" folder in "ReInvent" target */,
			);
			path = ReInvent;
			sourceTree = "<group>";
		};
		F798703F2E3B5FDD005FBB4F /* ReInventTests */ = {
			isa = PBXFileSystemSynchronizedRootGroup;
			path = ReInventTests;
			sourceTree = "<group>";
		};
		F79870492E3B5FDD005FBB4F /* ReInventUITests */ = {
			isa = PBXFileSystemSynchronizedRootGroup;
			path = ReInventUITests;
			sourceTree = "<group>";
		};
/* End PBXFileSystemSynchronizedRootGroup section */

/* Begin PBXFrameworksBuildPhase section */
		F79870232E3B5FDB005FBB4F /* Frameworks */ = {
			isa = PBXFrameworksBuildPhase;
			buildActionMask = 2147483647;
			files = (
			);
			runOnlyForDeploymentPostprocessing = 0;
		};
		F79870392E3B5FDD005FBB4F /* Frameworks */ = {
			isa = PBXFrameworksBuildPhase;
			buildActionMask = 2147483647;
			files = (
			);
			runOnlyForDeploymentPostprocessing = 0;
		};
		F79870432E3B5FDD005FBB4F /* Frameworks */ = {
			isa = PBXFrameworksBuildPhase;
			buildActionMask = 2147483647;
			files = (
			);
			runOnlyForDeploymentPostprocessing = 0;
		};
/* End PBXFrameworksBuildPhase section */

/* Begin PBXGroup section */
		F798701D2E3B5FDB005FBB4F = {
			isa = PBXGroup;
			children = (
				F79870282E3B5FDB005FBB4F /* ReInvent */,
				F798703F2E3B5FDD005FBB4F /* ReInventTests */,
				F79870492E3B5FDD005FBB4F /* ReInventUITests */,
				F79870272E3B5FDB005FBB4F /* Products */,
			);
			sourceTree = "<group>";
		};
		F79870272E3B5FDB005FBB4F /* Products */ = {
			isa = PBXGroup;
			children = (
				F79870262E3B5FDB005FBB4F /* ReInvent.app */,
				F798703C2E3B5FDD005FBB4F /* ReInventTests.xctest */,
				F79870462E3B5FDD005FBB4F /* ReInventUITests.xctest */,
			);
			name = Products;
			sourceTree = "<group>";
		};
/* End PBXGroup section */

/* Begin PBXNativeTarget section */
		F79870252E3B5FDB005FBB4F /* ReInvent */ = {
			isa = PBXNativeTarget;
			buildConfigurationList = F798704F2E3B5FDD005FBB4F /* Build configuration list for PBXNativeTarget "ReInvent" */;
			buildPhases = (
				F79870222E3B5FDB005FBB4F /* Sources */,
				F79870232E3B5FDB005FBB4F /* Frameworks */,
				F79870242E3B5FDB005FBB4F /* Resources */,
			);
			buildRules = (
			);
			dependencies = (
			);
			fileSystemSynchronizedGroups = (
				F79870282E3B5FDB005FBB4F /* ReInvent */,
			);
			name = ReInvent;
			packageProductDependencies = (
			);
			productName = ReInvent;
			productReference = F79870262E3B5FDB005FBB4F /* ReInvent.app */;
			productType = "com.apple.product-type.application";
		};
		F798703B2E3B5FDD005FBB4F /* ReInventTests */ = {
			isa = PBXNativeTarget;
			buildConfigurationList = F79870542E3B5FDD005FBB4F /* Build configuration list for PBXNativeTarget "ReInventTests" */;
			buildPhases = (
				F79870382E3B5FDD005FBB4F /* Sources */,
				F79870392E3B5FDD005FBB4F /* Frameworks */,
				F798703A2E3B5FDD005FBB4F /* Resources */,
			);
			buildRules = (
			);
			dependencies = (
				F798703E2E3B5FDD005FBB4F /* PBXTargetDependency */,
			);
			fileSystemSynchronizedGroups = (
				F798703F2E3B5FDD005FBB4F /* ReInventTests */,
			);
			name = ReInventTests;
			packageProductDependencies = (
			);
			productName = ReInventTests;
			productReference = F798703C2E3B5FDD005FBB4F /* ReInventTests.xctest */;
			productType = "com.apple.product-type.bundle.unit-test";
		};
		F79870452E3B5FDD005FBB4F /* ReInventUITests */ = {
			isa = PBXNativeTarget;
			buildConfigurationList = F79870572E3B5FDD005FBB4F /* Build configuration list for PBXNativeTarget "ReInventUITests" */;
			buildPhases = (
				F79870422E3B5FDD005FBB4F /* Sources */,
				F79870432E3B5FDD005FBB4F /* Frameworks */,
				F79870442E3B5FDD005FBB4F /* Resources */,
			);
			buildRules = (
			);
			dependencies = (
				F79870482E3B5FDD005FBB4F /* PBXTargetDependency */,
			);
			fileSystemSynchronizedGroups = (
				F79870492E3B5FDD005FBB4F /* ReInventUITests */,
			);
			name = ReInventUITests;
			packageProductDependencies = (
			);
			productName = ReInventUITests;
			productReference = F79870462E3B5FDD005FBB4F /* ReInventUITests.xctest */;
			productType = "com.apple.product-type.bundle.ui-testing";
		};
/* End PBXNativeTarget section */

/* Begin PBXProject section */
		F798701E2E3B5FDB005FBB4F /* Project object */ = {
			isa = PBXProject;
			attributes = {
				BuildIndependentTargetsInParallel = 1;
				LastSwiftUpdateCheck = 1600;
				LastUpgradeCheck = 1600;
				TargetAttributes = {
					F79870252E3B5FDB005FBB4F = {
						CreatedOnToolsVersion = 16.0;
					};
					F798703B2E3B5FDD005FBB4F = {
						CreatedOnToolsVersion = 16.0;
						TestTargetID = F79870252E3B5FDB005FBB4F;
					};
					F79870452E3B5FDD005FBB4F = {
						CreatedOnToolsVersion = 16.0;
						TestTargetID = F79870252E3B5FDB005FBB4F;
					};
				};
			};
			buildConfigurationList = F79870212E3B5FDB005FBB4F /* Build configuration list for PBXProject "ReInvent" */;
			developmentRegion = en;
			hasScannedForEncodings = 0;
			knownRegions = (
				en,
				Base,
			);
			mainGroup = F798701D2E3B5FDB005FBB4F;
			minimizedProjectReferenceProxies = 1;
			preferredProjectObjectVersion = 77;
			productRefGroup = F79870272E3B5FDB005FBB4F /* Products */;
			projectDirPath = "";
			projectRoot = "";
			targets = (
				F79870252E3B5FDB005FBB4F /* ReInvent */,
				F798703B2E3B5FDD005FBB4F /* ReInventTests */,
				F79870452E3B5FDD005FBB4F /* ReInventUITests */,
			);
		};
/* End PBXProject section */

/* Begin PBXResourcesBuildPhase section */
		F79870242E3B5FDB005FBB4F /* Resources */ = {
			isa = PBXResourcesBuildPhase;
			buildActionMask = 2147483647;
			files = (
			);
			runOnlyForDeploymentPostprocessing = 0;
		};
		F798703A2E3B5FDD005FBB4F /* Resources */ = {
			isa = PBXResourcesBuildPhase;
			buildActionMask = 2147483647;
			files = (
			);
			runOnlyForDeploymentPostprocessing = 0;
		};
		F79870442E3B5FDD005FBB4F /* Resources */ = {
			isa = PBXResourcesBuildPhase;
			buildActionMask = 2147483647;
			files = (
			);
			runOnlyForDeploymentPostprocessing = 0;
		};
/* End PBXResourcesBuildPhase section */

/* Begin PBXSourcesBuildPhase section */
		F79870222E3B5FDB005FBB4F /* Sources */ = {
			isa = PBXSourcesBuildPhase;
			buildActionMask = 2147483647;
			files = (
			);
			runOnlyForDeploymentPostprocessing = 0;
		};
		F79870382E3B5FDD005FBB4F /* Sources */ = {
			isa = PBXSourcesBuildPhase;
			buildActionMask = 2147483647;
			files = (
			);
			runOnlyForDeploymentPostprocessing = 0;
		};
		F79870422E3B5FDD005FBB4F /* Sources */ = {
			isa = PBXSourcesBuildPhase;
			buildActionMask = 2147483647;
			files = (
			);
			runOnlyForDeploymentPostprocessing = 0;
		};
/* End PBXSourcesBuildPhase section */

/* Begin PBXTargetDependency section */
		F798703E2E3B5FDD005FBB4F /* PBXTargetDependency */ = {
			isa = PBXTargetDependency;
			target = F79870252E3B5FDB005FBB4F /* ReInvent */;
			targetProxy = F798703D2E3B5FDD005FBB4F /* PBXContainerItemProxy */;
		};
		F79870482E3B5FDD005FBB4F /* PBXTargetDependency */ = {
			isa = PBXTargetDependency;
			target = F79870252E3B5FDB005FBB4F /* ReInvent */;
			targetProxy = F79870472E3B5FDD005FBB4F /* PBXContainerItemProxy */;
		};
/* End PBXTargetDependency section */

/* Begin XCBuildConfiguration section */
		F79870502E3B5FDD005FBB4F /* Debug */ = {
			isa = XCBuildConfiguration;
			buildSettings = {
				ASSETCATALOG_COMPILER_APPICON_NAME = AppIcon;
				ASSETCATALOG_COMPILER_GLOBAL_ACCENT_COLOR_NAME = AccentColor;
				CODE_SIGN_ENTITLEMENTS = ReInvent/ReInvent.entitlements;
				CODE_SIGN_STYLE = Automatic;
				CURRENT_PROJECT_VERSION = 1;
				DEVELOPMENT_TEAM = RH4HN3H8JL;
				GENERATE_INFOPLIST_FILE = YES;
				INFOPLIST_FILE = ReInvent/Info.plist;
				INFOPLIST_KEY_UIApplicationSupportsIndirectInputEvents = YES;
				INFOPLIST_KEY_UILaunchStoryboardName = LaunchScreen;
				INFOPLIST_KEY_UIMainStoryboardFile = Main;
				INFOPLIST_KEY_UISupportedInterfaceOrientations_iPad = "UIInterfaceOrientationPortrait UIInterfaceOrientationPortraitUpsideDown UIInterfaceOrientationLandscapeLeft UIInterfaceOrientationLandscapeRight";
				INFOPLIST_KEY_UISupportedInterfaceOrientations_iPhone = "UIInterfaceOrientationPortrait UIInterfaceOrientationLandscapeLeft UIInterfaceOrientationLandscapeRight";
				IPHONEOS_DEPLOYMENT_TARGET = 17.0;
				LD_RUNPATH_SEARCH_PATHS = (
					"$(inherited)",
					"@executable_path/Frameworks",
				);
				MARKETING_VERSION = 1.0;
				PRODUCT_BUNDLE_IDENTIFIER = com.yulia.TestApp.ReInvent;
				PRODUCT_NAME = "$(TARGET_NAME)";
				SUPPORTED_PLATFORMS = "iphoneos iphonesimulator";
				SUPPORTS_MACCATALYST = YES;
				SUPPORTS_MAC_DESIGNED_FOR_IPHONE_IPAD = NO;
				SUPPORTS_XR_DESIGNED_FOR_IPHONE_IPAD = NO;
				SWIFT_EMIT_LOC_STRINGS = YES;
				SWIFT_VERSION = 5.0;
				TARGETED_DEVICE_FAMILY = "1,2";
			};
			name = Debug;
		};
		F79870512E3B5FDD005FBB4F /* Release */ = {
			isa = XCBuildConfiguration;
			buildSettings = {
				ASSETCATALOG_COMPILER_APPICON_NAME = AppIcon;
				ASSETCATALOG_COMPILER_GLOBAL_ACCENT_COLOR_NAME = AccentColor;
				CODE_SIGN_ENTITLEMENTS = ReInvent/ReInvent.entitlements;
				CODE_SIGN_STYLE = Automatic;
				CURRENT_PROJECT_VERSION = 1;
				DEVELOPMENT_TEAM = RH4HN3H8JL;
				GENERATE_INFOPLIST_FILE = YES;
				INFOPLIST_FILE = ReInvent/Info.plist;
				INFOPLIST_KEY_UIApplicationSupportsIndirectInputEvents = YES;
				INFOPLIST_KEY_UILaunchStoryboardName = LaunchScreen;
				INFOPLIST_KEY_UIMainStoryboardFile = Main;
				INFOPLIST_KEY_UISupportedInterfaceOrientations_iPad = "UIInterfaceOrientationPortrait UIInterfaceOrientationPortraitUpsideDown UIInterfaceOrientationLandscapeLeft UIInterfaceOrientationLandscapeRight";
				INFOPLIST_KEY_UISupportedInterfaceOrientations_iPhone = "UIInterfaceOrientationPortrait UIInterfaceOrientationLandscapeLeft UIInterfaceOrientationLandscapeRight";
				IPHONEOS_DEPLOYMENT_TARGET = 17.0;
				LD_RUNPATH_SEARCH_PATHS = (
					"$(inherited)",
					"@executable_path/Frameworks",
				);
				MARKETING_VERSION = 1.0;
				PRODUCT_BUNDLE_IDENTIFIER = com.yulia.TestApp.ReInvent;
				PRODUCT_NAME = "$(TARGET_NAME)";
				SUPPORTED_PLATFORMS = "iphoneos iphonesimulator";
				SUPPORTS_MACCATALYST = YES;
				SUPPORTS_MAC_DESIGNED_FOR_IPHONE_IPAD = NO;
				SUPPORTS_XR_DESIGNED_FOR_IPHONE_IPAD = NO;
				SWIFT_EMIT_LOC_STRINGS = YES;
				SWIFT_VERSION = 5.0;
				TARGETED_DEVICE_FAMILY = "1,2";
			};
			name = Release;
		};
		F79870522E3B5FDD005FBB4F /* Debug */ = {
			isa = XCBuildConfiguration;
			buildSettings = {
				ALWAYS_SEARCH_USER_PATHS = NO;
				ASSETCATALOG_COMPILER_GENERATE_SWIFT_ASSET_SYMBOL_EXTENSIONS = YES;
				CLANG_ANALYZER_NONNULL = YES;
				CLANG_ANALYZER_NUMBER_OBJECT_CONVERSION = YES_AGGRESSIVE;
				CLANG_CXX_LANGUAGE_STANDARD = "gnu++20";
				CLANG_ENABLE_MODULES = YES;
				CLANG_ENABLE_OBJC_ARC = YES;
				CLANG_ENABLE_OBJC_WEAK = YES;
				CLANG_WARN_BLOCK_CAPTURE_AUTORELEASING = YES;
				CLANG_WARN_BOOL_CONVERSION = YES;
				CLANG_WARN_COMMA = YES;
				CLANG_WARN_CONSTANT_CONVERSION = YES;
				CLANG_WARN_DEPRECATED_OBJC_IMPLEMENTATIONS = YES;
				CLANG_WARN_DIRECT_OBJC_ISA_USAGE = YES_ERROR;
				CLANG_WARN_DOCUMENTATION_COMMENTS = YES;
				CLANG_WARN_EMPTY_BODY = YES;
				CLANG_WARN_ENUM_CONVERSION = YES;
				CLANG_WARN_INFINITE_RECURSION = YES;
				CLANG_WARN_INT_CONVERSION = YES;
				CLANG_WARN_NON_LITERAL_NULL_CONVERSION = YES;
				CLANG_WARN_OBJC_IMPLICIT_RETAIN_SELF = YES;
				CLANG_WARN_OBJC_LITERAL_CONVERSION = YES;
				CLANG_WARN_OBJC_ROOT_CLASS = YES_ERROR;
				CLANG_WARN_QUOTED_INCLUDE_IN_FRAMEWORK_HEADER = YES;
				CLANG_WARN_RANGE_LOOP_ANALYSIS = YES;
				CLANG_WARN_STRICT_PROTOTYPES = YES;
				CLANG_WARN_SUSPICIOUS_MOVE = YES;
				CLANG_WARN_UNGUARDED_AVAILABILITY = YES_AGGRESSIVE;
				CLANG_WARN_UNREACHABLE_CODE = YES;
				CLANG_WARN__DUPLICATE_METHOD_MATCH = YES;
				COPY_PHASE_STRIP = NO;
				DEBUG_INFORMATION_FORMAT = dwarf;
				ENABLE_STRICT_OBJC_MSGSEND = YES;
				ENABLE_TESTABILITY = YES;
				ENABLE_USER_SCRIPT_SANDBOXING = YES;
				GCC_C_LANGUAGE_STANDARD = gnu17;
				GCC_DYNAMIC_NO_PIC = NO;
				GCC_NO_COMMON_BLOCKS = YES;
				GCC_OPTIMIZATION_LEVEL = 0;
				GCC_PREPROCESSOR_DEFINITIONS = (
					"DEBUG=1",
					"$(inherited)",
				);
				GCC_WARN_64_TO_32_BIT_CONVERSION = YES;
				GCC_WARN_ABOUT_RETURN_TYPE = YES_ERROR;
				GCC_WARN_UNDECLARED_SELECTOR = YES;
				GCC_WARN_UNINITIALIZED_AUTOS = YES_AGGRESSIVE;
				GCC_WARN_UNUSED_FUNCTION = YES;
				GCC_WARN_UNUSED_VARIABLE = YES;
				IPHONEOS_DEPLOYMENT_TARGET = 18.0;
				LOCALIZATION_PREFERS_STRING_CATALOGS = YES;
				MTL_ENABLE_DEBUG_INFO = INCLUDE_SOURCE;
				MTL_FAST_MATH = YES;
				ONLY_ACTIVE_ARCH = YES;
				SDKROOT = iphoneos;
				SWIFT_ACTIVE_COMPILATION_CONDITIONS = "DEBUG $(inherited)";
				SWIFT_OPTIMIZATION_LEVEL = "-Onone";
				SWIFT_VERSION = 6.0;
			};
			name = Debug;
		};
		F79870532E3B5FDD005FBB4F /* Release */ = {
			isa = XCBuildConfiguration;
			buildSettings = {
				ALWAYS_SEARCH_USER_PATHS = NO;
				ASSETCATALOG_COMPILER_GENERATE_SWIFT_ASSET_SYMBOL_EXTENSIONS = YES;
				CLANG_ANALYZER_NONNULL = YES;
				CLANG_ANALYZER_NUMBER_OBJECT_CONVERSION = YES_AGGRESSIVE;
				CLANG_CXX_LANGUAGE_STANDARD = "gnu++20";
				CLANG_ENABLE_MODULES = YES;
				CLANG_ENABLE_OBJC_ARC = YES;
				CLANG_ENABLE_OBJC_WEAK = YES;
				CLANG_WARN_BLOCK_CAPTURE_AUTORELEASING = YES;
				CLANG_WARN_BOOL_CONVERSION = YES;
				CLANG_WARN_COMMA = YES;
				CLANG_WARN_CONSTANT_CONVERSION = YES;
				CLANG_WARN_DEPRECATED_OBJC_IMPLEMENTATIONS = YES;
				CLANG_WARN_DIRECT_OBJC_ISA_USAGE = YES_ERROR;
				CLANG_WARN_DOCUMENTATION_COMMENTS = YES;
				CLANG_WARN_EMPTY_BODY = YES;
				CLANG_WARN_ENUM_CONVERSION = YES;
				CLANG_WARN_INFINITE_RECURSION = YES;
				CLANG_WARN_INT_CONVERSION = YES;
				CLANG_WARN_NON_LITERAL_NULL_CONVERSION = YES;
				CLANG_WARN_OBJC_IMPLICIT_RETAIN_SELF = YES;
				CLANG_WARN_OBJC_LITERAL_CONVERSION = YES;
				CLANG_WARN_OBJC_ROOT_CLASS = YES_ERROR;
				CLANG_WARN_QUOTED_INCLUDE_IN_FRAMEWORK_HEADER = YES;
				CLANG_WARN_RANGE_LOOP_ANALYSIS = YES;
				CLANG_WARN_STRICT_PROTOTYPES = YES;
				CLANG_WARN_SUSPICIOUS_MOVE = YES;
				CLANG_WARN_UNGUARDED_AVAILABILITY = YES_AGGRESSIVE;
				CLANG_WARN_UNREACHABLE_CODE = YES;
				CLANG_WARN__DUPLICATE_METHOD_MATCH = YES;
				COPY_PHASE_STRIP = NO;
				DEBUG_INFORMATION_FORMAT = "dwarf-with-dsym";
				ENABLE_NS_ASSERTIONS = NO;
				ENABLE_STRICT_OBJC_MSGSEND = YES;
				ENABLE_USER_SCRIPT_SANDBOXING = YES;
				GCC_C_LANGUAGE_STANDARD = gnu17;
				GCC_NO_COMMON_BLOCKS = YES;
				GCC_WARN_64_TO_32_BIT_CONVERSION = YES;
				GCC_WARN_ABOUT_RETURN_TYPE = YES_ERROR;
				GCC_WARN_UNDECLARED_SELECTOR = YES;
				GCC_WARN_UNINITIALIZED_AUTOS = YES_AGGRESSIVE;
				GCC_WARN_UNUSED_FUNCTION = YES;
				GCC_WARN_UNUSED_VARIABLE = YES;
				IPHONEOS_DEPLOYMENT_TARGET = 18.0;
				LOCALIZATION_PREFERS_STRING_CATALOGS = YES;
				MTL_ENABLE_DEBUG_INFO = NO;
				MTL_FAST_MATH = YES;
				SDKROOT = iphoneos;
				SWIFT_COMPILATION_MODE = wholemodule;
				SWIFT_VERSION = 6.0;
				VALIDATE_PRODUCT = YES;
			};
			name = Release;
		};
		F79870552E3B5FDD005FBB4F /* Debug */ = {
			isa = XCBuildConfiguration;
			buildSettings = {
				BUNDLE_LOADER = "$(TEST_HOST)";
				CODE_SIGN_STYLE = Automatic;
				CURRENT_PROJECT_VERSION = 1;
				DEVELOPMENT_TEAM = RH4HN3H8JL;
				GENERATE_INFOPLIST_FILE = YES;
				IPHONEOS_DEPLOYMENT_TARGET = 18.0;
				MARKETING_VERSION = 1.0;
				PRODUCT_BUNDLE_IDENTIFIER = com.yulia.TestApp.ReInventTests;
				PRODUCT_NAME = "$(TARGET_NAME)";
				SWIFT_EMIT_LOC_STRINGS = NO;
				SWIFT_VERSION = 5.0;
				TARGETED_DEVICE_FAMILY = "1,2";
				TEST_HOST = "$(BUILT_PRODUCTS_DIR)/ReInvent.app/$(BUNDLE_EXECUTABLE_FOLDER_PATH)/ReInvent";
			};
			name = Debug;
		};
		F79870562E3B5FDD005FBB4F /* Release */ = {
			isa = XCBuildConfiguration;
			buildSettings = {
				BUNDLE_LOADER = "$(TEST_HOST)";
				CODE_SIGN_STYLE = Automatic;
				CURRENT_PROJECT_VERSION = 1;
				DEVELOPMENT_TEAM = RH4HN3H8JL;
				GENERATE_INFOPLIST_FILE = YES;
				IPHONEOS_DEPLOYMENT_TARGET = 18.0;
				MARKETING_VERSION = 1.0;
				PRODUCT_BUNDLE_IDENTIFIER = com.yulia.TestApp.ReInventTests;
				PRODUCT_NAME = "$(TARGET_NAME)";
				SWIFT_EMIT_LOC_STRINGS = NO;
				SWIFT_VERSION = 5.0;
				TARGETED_DEVICE_FAMILY = "1,2";
				TEST_HOST = "$(BUILT_PRODUCTS_DIR)/ReInvent.app/$(BUNDLE_EXECUTABLE_FOLDER_PATH)/ReInvent";
			};
			name = Release;
		};
		F79870582E3B5FDD005FBB4F /* Debug */ = {
			isa = XCBuildConfiguration;
			buildSettings = {
				CODE_SIGN_STYLE = Automatic;
				CURRENT_PROJECT_VERSION = 1;
				DEVELOPMENT_TEAM = RH4HN3H8JL;
				GENERATE_INFOPLIST_FILE = YES;
				MARKETING_VERSION = 1.0;
				PRODUCT_BUNDLE_IDENTIFIER = com.yulia.TestApp.ReInventUITests;
				PRODUCT_NAME = "$(TARGET_NAME)";
				SWIFT_EMIT_LOC_STRINGS = NO;
				SWIFT_VERSION = 5.0;
				TARGETED_DEVICE_FAMILY = "1,2";
				TEST_TARGET_NAME = ReInvent;
			};
			name = Debug;
		};
		F79870592E3B5FDD005FBB4F /* Release */ = {
			isa = XCBuildConfiguration;
			buildSettings = {
				CODE_SIGN_STYLE = Automatic;
				CURRENT_PROJECT_VERSION = 1;
				DEVELOPMENT_TEAM = RH4HN3H8JL;
				GENERATE_INFOPLIST_FILE = YES;
				MARKETING_VERSION = 1.0;
				PRODUCT_BUNDLE_IDENTIFIER = com.yulia.TestApp.ReInventUITests;
				PRODUCT_NAME = "$(TARGET_NAME)";
				SWIFT_EMIT_LOC_STRINGS = NO;
				SWIFT_VERSION = 5.0;
				TARGETED_DEVICE_FAMILY = "1,2";
				TEST_TARGET_NAME = ReInvent;
			};
			name = Release;
		};
/* End XCBuildConfiguration section */

/* Begin XCConfigurationList section */
		F79870212E3B5FDB005FBB4F /* Build configuration list for PBXProject "ReInvent" */ = {
			isa = XCConfigurationList;
			buildConfigurations = (
				F79870522E3B5FDD005FBB4F /* Debug */,
				F79870532E3B5FDD005FBB4F /* Release */,
			);
			defaultConfigurationIsVisible = 0;
			defaultConfigurationName = Release;
		};
		F798704F2E3B5FDD005FBB4F /* Build configuration list for PBXNativeTarget "ReInvent" */ = {
			isa = XCConfigurationList;
			buildConfigurations = (
				F79870502E3B5FDD005FBB4F /* Debug */,
				F79870512E3B5FDD005FBB4F /* Release */,
			);
			defaultConfigurationIsVisible = 0;
			defaultConfigurationName = Release;
		};
		F79870542E3B5FDD005FBB4F /* Build configuration list for PBXNativeTarget "ReInventTests" */ = {
			isa = XCConfigurationList;
			buildConfigurations = (
				F79870552E3B5FDD005FBB4F /* Debug */,
				F79870562E3B5FDD005FBB4F /* Release */,
			);
			defaultConfigurationIsVisible = 0;
			defaultConfigurationName = Release;
		};
		F79870572E3B5FDD005FBB4F /* Build configuration list for PBXNativeTarget "ReInventUITests" */ = {
			isa = XCConfigurationList;
			buildConfigurations = (
				F79870582E3B5FDD005FBB4F /* Debug */,
				F79870592E3B5FDD005FBB4F /* Release */,
			);
			defaultConfigurationIsVisible = 0;
			defaultConfigurationName = Release;
		};
/* End XCConfigurationList section */
	};
	rootObject = F798701E2E3B5FDB005FBB4F /* Project object */;
}
